// !$*UTF8*$!
{
	archiveVersion = 1;
	classes = {
	};
	objectVersion = 50;
	objects = {

/* Begin PBXBuildFile section */
		CEEC838222D4ECEF007E99F1 /* AppDelegate.swift in Sources */ = {isa = PBXBuildFile; fileRef = CEEC838122D4ECEF007E99F1 /* AppDelegate.swift */; };
		CEEC838422D4ECEF007E99F1 /* ViewController.swift in Sources */ = {isa = PBXBuildFile; fileRef = CEEC838322D4ECEF007E99F1 /* ViewController.swift */; };
		CEEC838722D4ECEF007E99F1 /* Main.storyboard in Resources */ = {isa = PBXBuildFile; fileRef = CEEC838522D4ECEF007E99F1 /* Main.storyboard */; };
		CEEC838922D4ECF0007E99F1 /* Assets.xcassets in Resources */ = {isa = PBXBuildFile; fileRef = CEEC838822D4ECF0007E99F1 /* Assets.xcassets */; };
		CEEC838C22D4ECF1007E99F1 /* LaunchScreen.storyboard in Resources */ = {isa = PBXBuildFile; fileRef = CEEC838A22D4ECF1007E99F1 /* LaunchScreen.storyboard */; };
/* End PBXBuildFile section */

/* Begin PBXFileReference section */
		CEEC837E22D4ECEF007E99F1 /* The Night Porter.app */ = {isa = PBXFileReference; explicitFileType = wrapper.application; includeInIndex = 0; path = "The Night Porter.app"; sourceTree = BUILT_PRODUCTS_DIR; };
		CEEC838122D4ECEF007E99F1 /* AppDelegate.swift */ = {isa = PBXFileReference; lastKnownFileType = sourcecode.swift; path = AppDelegate.swift; sourceTree = "<group>"; };
		CEEC838322D4ECEF007E99F1 /* ViewController.swift */ = {isa = PBXFileReference; lastKnownFileType = sourcecode.swift; path = ViewController.swift; sourceTree = "<group>"; };
		CEEC838622D4ECEF007E99F1 /* Base */ = {isa = PBXFileReference; lastKnownFileType = file.storyboard; name = Base; path = Base.lproj/Main.storyboard; sourceTree = "<group>"; };
		CEEC838822D4ECF0007E99F1 /* Assets.xcassets */ = {isa = PBXFileReference; lastKnownFileType = folder.assetcatalog; path = Assets.xcassets; sourceTree = "<group>"; };
		CEEC838B22D4ECF1007E99F1 /* Base */ = {isa = PBXFileReference; lastKnownFileType = file.storyboard; name = Base; path = Base.lproj/LaunchScreen.storyboard; sourceTree = "<group>"; };
		CEEC838D22D4ECF1007E99F1 /* Info.plist */ = {isa = PBXFileReference; lastKnownFileType = text.plist.xml; path = Info.plist; sourceTree = "<group>"; };
/* End PBXFileReference section */

/* Begin PBXFrameworksBuildPhase section */
		CEEC837B22D4ECEF007E99F1 /* Frameworks */ = {
			isa = PBXFrameworksBuildPhase;
			buildActionMask = 2147483647;
			files = (
			);
			runOnlyForDeploymentPostprocessing = 0;
		};
/* End PBXFrameworksBuildPhase section */

/* Begin PBXGroup section */
		CEEC837522D4ECEF007E99F1 = {
			isa = PBXGroup;
			children = (
				CEEC838022D4ECEF007E99F1 /* The Night Porter */,
				CEEC837F22D4ECEF007E99F1 /* Products */,
			);
			sourceTree = "<group>";
		};
		CEEC837F22D4ECEF007E99F1 /* Products */ = {
			isa = PBXGroup;
			children = (
				CEEC837E22D4ECEF007E99F1 /* The Night Porter.app */,
			);
			name = Products;
			sourceTree = "<group>";
		};
		CEEC838022D4ECEF007E99F1 /* The Night Porter */ = {
			isa = PBXGroup;
			children = (
				CEEC838122D4ECEF007E99F1 /* AppDelegate.swift */,
				CEEC838322D4ECEF007E99F1 /* ViewController.swift */,
				CEEC838522D4ECEF007E99F1 /* Main.storyboard */,
				CEEC838822D4ECF0007E99F1 /* Assets.xcassets */,
				CEEC838A22D4ECF1007E99F1 /* LaunchScreen.storyboard */,
				CEEC838D22D4ECF1007E99F1 /* Info.plist */,
			);
			path = "The Night Porter";
			sourceTree = "<group>";
		};
/* End PBXGroup section */

/* Begin PBXNativeTarget section */
		CEEC837D22D4ECEF007E99F1 /* The Night Porter */ = {
			isa = PBXNativeTarget;
			buildConfigurationList = CEEC839022D4ECF1007E99F1 /* Build configuration list for PBXNativeTarget "The Night Porter" */;
			buildPhases = (
				CEEC837A22D4ECEF007E99F1 /* Sources */,
				CEEC837B22D4ECEF007E99F1 /* Frameworks */,
				CEEC837C22D4ECEF007E99F1 /* Resources */,
			);
			buildRules = (
			);
			dependencies = (
			);
			name = "The Night Porter";
			productName = "The Night Porter";
			productReference = CEEC837E22D4ECEF007E99F1 /* The Night Porter.app */;
			productType = "com.apple.product-type.application";
		};
/* End PBXNativeTarget section */

/* Begin PBXProject section */
		CEEC837622D4ECEF007E99F1 /* Project object */ = {
			isa = PBXProject;
			attributes = {
				LastSwiftUpdateCheck = 1020;
				LastUpgradeCheck = 1020;
				ORGANIZATIONNAME = "Adam Garrett-Harris";
				TargetAttributes = {
					CEEC837D22D4ECEF007E99F1 = {
						CreatedOnToolsVersion = 10.2.1;
					};
				};
			};
			buildConfigurationList = CEEC837922D4ECEF007E99F1 /* Build configuration list for PBXProject "The Night Porter" */;
			compatibilityVersion = "Xcode 9.3";
			developmentRegion = en;
			hasScannedForEncodings = 0;
			knownRegions = (
				en,
				Base,
			);
			mainGroup = CEEC837522D4ECEF007E99F1;
			productRefGroup = CEEC837F22D4ECEF007E99F1 /* Products */;
			projectDirPath = "";
			projectRoot = "";
			targets = (
				CEEC837D22D4ECEF007E99F1 /* The Night Porter */,
			);
		};
/* End PBXProject section */

/* Begin PBXResourcesBuildPhase section */
		CEEC837C22D4ECEF007E99F1 /* Resources */ = {
			isa = PBXResourcesBuildPhase;
			buildActionMask = 2147483647;
			files = (
				CEEC838C22D4ECF1007E99F1 /* LaunchScreen.storyboard in Resources */,
				CEEC838922D4ECF0007E99F1 /* Assets.xcassets in Resources */,
				CEEC838722D4ECEF007E99F1 /* Main.storyboard in Resources */,
			);
			runOnlyForDeploymentPostprocessing = 0;
		};
/* End PBXResourcesBuildPhase section */

/* Begin PBXSourcesBuildPhase section */
		CEEC837A22D4ECEF007E99F1 /* Sources */ = {
			isa = PBXSourcesBuildPhase;
			buildActionMask = 2147483647;
			files = (
				CEEC838422D4ECEF007E99F1 /* ViewController.swift in Sources */,
				CEEC838222D4ECEF007E99F1 /* AppDelegate.swift in Sources */,
			);
			runOnlyForDeploymentPostprocessing = 0;
		};
/* End PBXSourcesBuildPhase section */

/* Begin PBXVariantGroup section */
		CEEC838522D4ECEF007E99F1 /* Main.storyboard */ = {
			isa = PBXVariantGroup;
			children = (
				CEEC838622D4ECEF007E99F1 /* Base */,
			);
			name = Main.storyboard;
			sourceTree = "<group>";
		};
		CEEC838A22D4ECF1007E99F1 /* LaunchScreen.storyboard */ = {
			isa = PBXVariantGroup;
			children = (
				CEEC838B22D4ECF1007E99F1 /* Base */,
			);
			name = LaunchScreen.storyboard;
			sourceTree = "<group>";
		};
/* End PBXVariantGroup section */

/* Begin XCBuildConfiguration section */
		CEEC838E22D4ECF1007E99F1 /* Debug */ = {
			isa = XCBuildConfiguration;
			buildSettings = {
				ALWAYS_SEARCH_USER_PATHS = NO;
				CLANG_ANALYZER_NONNULL = YES;
				CLANG_ANALYZER_NUMBER_OBJECT_CONVERSION = YES_AGGRESSIVE;
				CLANG_CXX_LANGUAGE_STANDARD = "gnu++14";
				CLANG_CXX_LIBRARY = "libc++";
				CLANG_ENABLE_MODULES = YES;
				CLANG_ENABLE_OBJC_ARC = YES;
				CLANG_ENABLE_OBJC_WEAK = YES;
				CLANG_WARN_BLOCK_CAPTURE_AUTORELEASING = YES;
				CLANG_WARN_BOOL_CONVERSION = YES;
				CLANG_WARN_COMMA = YES;
				CLANG_WARN_CONSTANT_CONVERSION = YES;
				CLANG_WARN_DEPRECATED_OBJC_IMPLEMENTATIONS = YES;
				CLANG_WARN_DIRECT_OBJC_ISA_USAGE = YES_ERROR;
				CLANG_WARN_DOCUMENTATION_COMMENTS = YES;
				CLANG_WARN_EMPTY_BODY = YES;
				CLANG_WARN_ENUM_CONVERSION = YES;
				CLANG_WARN_INFINITE_RECURSION = YES;
				CLANG_WARN_INT_CONVERSION = YES;
				CLANG_WARN_NON_LITERAL_NULL_CONVERSION = YES;
				CLANG_WARN_OBJC_IMPLICIT_RETAIN_SELF = YES;
				CLANG_WARN_OBJC_LITERAL_CONVERSION = YES;
				CLANG_WARN_OBJC_ROOT_CLASS = YES_ERROR;
				CLANG_WARN_RANGE_LOOP_ANALYSIS = YES;
				CLANG_WARN_STRICT_PROTOTYPES = YES;
				CLANG_WARN_SUSPICIOUS_MOVE = YES;
				CLANG_WARN_UNGUARDED_AVAILABILITY = YES_AGGRESSIVE;
				CLANG_WARN_UNREACHABLE_CODE = YES;
				CLANG_WARN__DUPLICATE_METHOD_MATCH = YES;
				CODE_SIGN_IDENTITY = "iPhone Developer";
				COPY_PHASE_STRIP = NO;
				DEBUG_INFORMATION_FORMAT = dwarf;
				ENABLE_STRICT_OBJC_MSGSEND = YES;
				ENABLE_TESTABILITY = YES;
				GCC_C_LANGUAGE_STANDARD = gnu11;
				GCC_DYNAMIC_NO_PIC = NO;
				GCC_NO_COMMON_BLOCKS = YES;
				GCC_OPTIMIZATION_LEVEL = 0;
				GCC_PREPROCESSOR_DEFINITIONS = (
					"DEBUG=1",
					"$(inherited)",
				);
				GCC_WARN_64_TO_32_BIT_CONVERSION = YES;
				GCC_WARN_ABOUT_RETURN_TYPE = YES_ERROR;
				GCC_WARN_UNDECLARED_SELECTOR = YES;
				GCC_WARN_UNINITIALIZED_AUTOS = YES_AGGRESSIVE;
				GCC_WARN_UNUSED_FUNCTION = YES;
				GCC_WARN_UNUSED_VARIABLE = YES;
				IPHONEOS_DEPLOYMENT_TARGET = 12.2;
				MTL_ENABLE_DEBUG_INFO = INCLUDE_SOURCE;
				MTL_FAST_MATH = YES;
				ONLY_ACTIVE_ARCH = YES;
				SDKROOT = iphoneos;
				SWIFT_ACTIVE_COMPILATION_CONDITIONS = DEBUG;
				SWIFT_OPTIMIZATION_LEVEL = "-Onone";
			};
			name = Debug;
		};
		CEEC838F22D4ECF1007E99F1 /* Release */ = {
			isa = XCBuildConfiguration;
			buildSettings = {
				ALWAYS_SEARCH_USER_PATHS = NO;
				CLANG_ANALYZER_NONNULL = YES;
				CLANG_ANALYZER_NUMBER_OBJECT_CONVERSION = YES_AGGRESSIVE;
				CLANG_CXX_LANGUAGE_STANDARD = "gnu++14";
				CLANG_CXX_LIBRARY = "libc++";
				CLANG_ENABLE_MODULES = YES;
				CLANG_ENABLE_OBJC_ARC = YES;
				CLANG_ENABLE_OBJC_WEAK = YES;
				CLANG_WARN_BLOCK_CAPTURE_AUTORELEASING = YES;
				CLANG_WARN_BOOL_CONVERSION = YES;
				CLANG_WARN_COMMA = YES;
				CLANG_WARN_CONSTANT_CONVERSION = YES;
				CLANG_WARN_DEPRECATED_OBJC_IMPLEMENTATIONS = YES;
				CLANG_WARN_DIRECT_OBJC_ISA_USAGE = YES_ERROR;
				CLANG_WARN_DOCUMENTATION_COMMENTS = YES;
				CLANG_WARN_EMPTY_BODY = YES;
				CLANG_WARN_ENUM_CONVERSION = YES;
				CLANG_WARN_INFINITE_RECURSION = YES;
				CLANG_WARN_INT_CONVERSION = YES;
				CLANG_WARN_NON_LITERAL_NULL_CONVERSION = YES;
				CLANG_WARN_OBJC_IMPLICIT_RETAIN_SELF = YES;
				CLANG_WARN_OBJC_LITERAL_CONVERSION = YES;
				CLANG_WARN_OBJC_ROOT_CLASS = YES_ERROR;
				CLANG_WARN_RANGE_LOOP_ANALYSIS = YES;
				CLANG_WARN_STRICT_PROTOTYPES = YES;
				CLANG_WARN_SUSPICIOUS_MOVE = YES;
				CLANG_WARN_UNGUARDED_AVAILABILITY = YES_AGGRESSIVE;
				CLANG_WARN_UNREACHABLE_CODE = YES;
				CLANG_WARN__DUPLICATE_METHOD_MATCH = YES;
				CODE_SIGN_IDENTITY = "iPhone Developer";
				COPY_PHASE_STRIP = NO;
				DEBUG_INFORMATION_FORMAT = "dwarf-with-dsym";
				ENABLE_NS_ASSERTIONS = NO;
				ENABLE_STRICT_OBJC_MSGSEND = YES;
				GCC_C_LANGUAGE_STANDARD = gnu11;
				GCC_NO_COMMON_BLOCKS = YES;
				GCC_WARN_64_TO_32_BIT_CONVERSION = YES;
				GCC_WARN_ABOUT_RETURN_TYPE = YES_ERROR;
				GCC_WARN_UNDECLARED_SELECTOR = YES;
				GCC_WARN_UNINITIALIZED_AUTOS = YES_AGGRESSIVE;
				GCC_WARN_UNUSED_FUNCTION = YES;
				GCC_WARN_UNUSED_VARIABLE = YES;
				IPHONEOS_DEPLOYMENT_TARGET = 12.2;
				MTL_ENABLE_DEBUG_INFO = NO;
				MTL_FAST_MATH = YES;
				SDKROOT = iphoneos;
				SWIFT_COMPILATION_MODE = wholemodule;
				SWIFT_OPTIMIZATION_LEVEL = "-O";
				VALIDATE_PRODUCT = YES;
			};
			name = Release;
		};
		CEEC839122D4ECF1007E99F1 /* Debug */ = {
			isa = XCBuildConfiguration;
			buildSettings = {
				ASSETCATALOG_COMPILER_APPICON_NAME = AppIcon;
				CODE_SIGN_STYLE = Automatic;
				DEVELOPMENT_TEAM = 47C966XSTJ;
				INFOPLIST_FILE = "The Night Porter/Info.plist";
				LD_RUNPATH_SEARCH_PATHS = (
					"$(inherited)",
					"@executable_path/Frameworks",
				);
				PRODUCT_BUNDLE_IDENTIFIER = "com.garrett-harris.The-Night-Porter";
				PRODUCT_NAME = "$(TARGET_NAME)";
				SWIFT_VERSION = 5.0;
				TARGETED_DEVICE_FAMILY = "1,2";
			};
			name = Debug;
		};
		CEEC839222D4ECF1007E99F1 /* Release */ = {
			isa = XCBuildConfiguration;
			buildSettings = {
				ASSETCATALOG_COMPILER_APPICON_NAME = AppIcon;
				CODE_SIGN_STYLE = Automatic;
				DEVELOPMENT_TEAM = 47C966XSTJ;
				INFOPLIST_FILE = "The Night Porter/Info.plist";
				LD_RUNPATH_SEARCH_PATHS = (
					"$(inherited)",
					"@executable_path/Frameworks",
				);
				PRODUCT_BUNDLE_IDENTIFIER = "com.garrett-harris.The-Night-Porter";
				PRODUCT_NAME = "$(TARGET_NAME)";
				SWIFT_VERSION = 5.0;
				TARGETED_DEVICE_FAMILY = "1,2";
			};
			name = Release;
		};
/* End XCBuildConfiguration section */

/* Begin XCConfigurationList section */
		CEEC837922D4ECEF007E99F1 /* Build configuration list for PBXProject "The Night Porter" */ = {
			isa = XCConfigurationList;
			buildConfigurations = (
				CEEC838E22D4ECF1007E99F1 /* Debug */,
				CEEC838F22D4ECF1007E99F1 /* Release */,
			);
			defaultConfigurationIsVisible = 0;
			defaultConfigurationName = Release;
		};
		CEEC839022D4ECF1007E99F1 /* Build configuration list for PBXNativeTarget "The Night Porter" */ = {
			isa = XCConfigurationList;
			buildConfigurations = (
				CEEC839122D4ECF1007E99F1 /* Debug */,
				CEEC839222D4ECF1007E99F1 /* Release */,
			);
			defaultConfigurationIsVisible = 0;
			defaultConfigurationName = Release;
		};
/* End XCConfigurationList section */
	};
	rootObject = CEEC837622D4ECEF007E99F1 /* Project object */;
}
