
Microsoft Visual Studio Solution File, Format Version 12.00
# Visual Studio 15
VisualStudioVersion = 15.0.26124.0
MinimumVisualStudioVersion = 15.0.26124.0
Project("{2150E333-8FDC-42A3-9474-1A3956D46DE8}") = "src", "src", "{F6B17CD5-167F-4593-B603-21DC96E57087}"
EndProject
Project("{FAE04EC0-301F-11D3-BF4B-00C04F79EFBC}") = "GradeBook", "src\GradeBook\GradeBook.csproj", "{4CE5900B-1EA3-440F-B3EE-6D33E11A54A4}"
EndProject
Project("{2150E333-8FDC-42A3-9474-1A3956D46DE8}") = "test", "test", "{EEA35051-3FC4-4AA7-B071-5500902396C7}"
EndProject
Project("{FAE04EC0-301F-11D3-BF4B-00C04F79EFBC}") = "GradeBook.Tests", "test\GradeBook.Tests\GradeBook.Tests.csproj", "{95D2D057-CE86-4E87-9F4A-C940CDE5267F}"
EndProject
Global
	GlobalSection(SolutionConfigurationPlatforms) = preSolution
		Debug|Any CPU = Debug|Any CPU
		Debug|x64 = Debug|x64
		Debug|x86 = Debug|x86
		Release|Any CPU = Release|Any CPU
		Release|x64 = Release|x64
		Release|x86 = Release|x86
	EndGlobalSection
	GlobalSection(SolutionProperties) = preSolution
		HideSolutionNode = FALSE
	EndGlobalSection
	GlobalSection(ProjectConfigurationPlatforms) = postSolution
		{4CE5900B-1EA3-440F-B3EE-6D33E11A54A4}.Debug|Any CPU.ActiveCfg = Debug|Any CPU
		{4CE5900B-1EA3-440F-B3EE-6D33E11A54A4}.Debug|Any CPU.Build.0 = Debug|Any CPU
		{4CE5900B-1EA3-440F-B3EE-6D33E11A54A4}.Debug|x64.ActiveCfg = Debug|Any CPU
		{4CE5900B-1EA3-440F-B3EE-6D33E11A54A4}.Debug|x64.Build.0 = Debug|Any CPU
		{4CE5900B-1EA3-440F-B3EE-6D33E11A54A4}.Debug|x86.ActiveCfg = Debug|Any CPU
		{4CE5900B-1EA3-440F-B3EE-6D33E11A54A4}.Debug|x86.Build.0 = Debug|Any CPU
		{4CE5900B-1EA3-440F-B3EE-6D33E11A54A4}.Release|Any CPU.ActiveCfg = Release|Any CPU
		{4CE5900B-1EA3-440F-B3EE-6D33E11A54A4}.Release|Any CPU.Build.0 = Release|Any CPU
		{4CE5900B-1EA3-440F-B3EE-6D33E11A54A4}.Release|x64.ActiveCfg = Release|Any CPU
		{4CE5900B-1EA3-440F-B3EE-6D33E11A54A4}.Release|x64.Build.0 = Release|Any CPU
		{4CE5900B-1EA3-440F-B3EE-6D33E11A54A4}.Release|x86.ActiveCfg = Release|Any CPU
		{4CE5900B-1EA3-440F-B3EE-6D33E11A54A4}.Release|x86.Build.0 = Release|Any CPU
		{95D2D057-CE86-4E87-9F4A-C940CDE5267F}.Debug|Any CPU.ActiveCfg = Debug|Any CPU
		{95D2D057-CE86-4E87-9F4A-C940CDE5267F}.Debug|Any CPU.Build.0 = Debug|Any CPU
		{95D2D057-CE86-4E87-9F4A-C940CDE5267F}.Debug|x64.ActiveCfg = Debug|Any CPU
		{95D2D057-CE86-4E87-9F4A-C940CDE5267F}.Debug|x64.Build.0 = Debug|Any CPU
		{95D2D057-CE86-4E87-9F4A-C940CDE5267F}.Debug|x86.ActiveCfg = Debug|Any CPU
		{95D2D057-CE86-4E87-9F4A-C940CDE5267F}.Debug|x86.Build.0 = Debug|Any CPU
		{95D2D057-CE86-4E87-9F4A-C940CDE5267F}.Release|Any CPU.ActiveCfg = Release|Any CPU
		{95D2D057-CE86-4E87-9F4A-C940CDE5267F}.Release|Any CPU.Build.0 = Release|Any CPU
		{95D2D057-CE86-4E87-9F4A-C940CDE5267F}.Release|x64.ActiveCfg = Release|Any CPU
		{95D2D057-CE86-4E87-9F4A-C940CDE5267F}.Release|x64.Build.0 = Release|Any CPU
		{95D2D057-CE86-4E87-9F4A-C940CDE5267F}.Release|x86.ActiveCfg = Release|Any CPU
		{95D2D057-CE86-4E87-9F4A-C940CDE5267F}.Release|x86.Build.0 = Release|Any CPU
	EndGlobalSection
	GlobalSection(NestedProjects) = preSolution
		{4CE5900B-1EA3-440F-B3EE-6D33E11A54A4} = {F6B17CD5-167F-4593-B603-21DC96E57087}
		{95D2D057-CE86-4E87-9F4A-C940CDE5267F} = {EEA35051-3FC4-4AA7-B071-5500902396C7}
	EndGlobalSection
EndGlobal
